github.com/go-stomp/stomp v2.0.5+incompatible h1:EqEAa4yeAh6GG+ODG6fXzI3ZIa9ARoX+Gq+KSWwlWn4=
github.com/go-stomp/stomp v2.0.5+incompatible/go.mod h1:VqCtqNZv1226A1/79yh+rMiFUcfY3R109np+7ke4n0c=
github.com/vkuznet/x509proxy v0.0.0-20191014143623-163039704c67 h1:7s/FGCnCgfaJxmyeE+k18s5Bpx1TIrss4sMesjqRJsI=
github.com/vkuznet/x509proxy v0.0.0-20191014143623-163039704c67/go.mod h1:n8gnqWgHpPWW+DyA66Zam8qQshAmDxVVmSmObyR6M8g=
